// !$*UTF8*$!
{
	archiveVersion = 1;
	classes = {
	};
	objectVersion = 77;
	objects = {

/* Begin PBXBuildFile section */
		86B76B862CEED0BA0028CC5A /* SocketIO in Frameworks */ = {isa = PBXBuildFile; productRef = 86B76B852CEED0BA0028CC5A /* SocketIO */; };
/* End PBXBuildFile section */

/* Begin PBXContainerItemProxy section */
		8672C1B52CEB9FB900C985B4 /* PBXContainerItemProxy */ = {
			isa = PBXContainerItemProxy;
			containerPortal = 8672C19C2CEB9FB700C985B4 /* Project object */;
			proxyType = 1;
			remoteGlobalIDString = 8672C1A32CEB9FB700C985B4;
			remoteInfo = "aether-link";
		};
		8672C1BF2CEB9FB900C985B4 /* PBXContainerItemProxy */ = {
			isa = PBXContainerItemProxy;
			containerPortal = 8672C19C2CEB9FB700C985B4 /* Project object */;
			proxyType = 1;
			remoteGlobalIDString = 8672C1A32CEB9FB700C985B4;
			remoteInfo = "aether-link";
		};
/* End PBXContainerItemProxy section */

/* Begin PBXFileReference section */
		8672C1A42CEB9FB700C985B4 /* aether-link.app */ = {isa = PBXFileReference; explicitFileType = wrapper.application; includeInIndex = 0; path = "aether-link.app"; sourceTree = BUILT_PRODUCTS_DIR; };
		8672C1B42CEB9FB900C985B4 /* aether-linkTests.xctest */ = {isa = PBXFileReference; explicitFileType = wrapper.cfbundle; includeInIndex = 0; path = "aether-linkTests.xctest"; sourceTree = BUILT_PRODUCTS_DIR; };
		8672C1BE2CEB9FB900C985B4 /* aether-linkUITests.xctest */ = {isa = PBXFileReference; explicitFileType = wrapper.cfbundle; includeInIndex = 0; path = "aether-linkUITests.xctest"; sourceTree = BUILT_PRODUCTS_DIR; };
/* End PBXFileReference section */

/* Begin PBXFileSystemSynchronizedRootGroup section */
		8672C1A62CEB9FB700C985B4 /* aether-link */ = {
			isa = PBXFileSystemSynchronizedRootGroup;
			path = "aether-link";
			sourceTree = "<group>";
		};
		8672C1B72CEB9FB900C985B4 /* aether-linkTests */ = {
			isa = PBXFileSystemSynchronizedRootGroup;
			path = "aether-linkTests";
			sourceTree = "<group>";
		};
		8672C1C12CEB9FB900C985B4 /* aether-linkUITests */ = {
			isa = PBXFileSystemSynchronizedRootGroup;
			path = "aether-linkUITests";
			sourceTree = "<group>";
		};
/* End PBXFileSystemSynchronizedRootGroup section */

/* Begin PBXFrameworksBuildPhase section */
		8672C1A12CEB9FB700C985B4 /* Frameworks */ = {
			isa = PBXFrameworksBuildPhase;
			buildActionMask = 2147483647;
			files = (
				86B76B862CEED0BA0028CC5A /* SocketIO in Frameworks */,
			);
			runOnlyForDeploymentPostprocessing = 0;
		};
		8672C1B12CEB9FB900C985B4 /* Frameworks */ = {
			isa = PBXFrameworksBuildPhase;
			buildActionMask = 2147483647;
			files = (
			);
			runOnlyForDeploymentPostprocessing = 0;
		};
		8672C1BB2CEB9FB900C985B4 /* Frameworks */ = {
			isa = PBXFrameworksBuildPhase;
			buildActionMask = 2147483647;
			files = (
			);
			runOnlyForDeploymentPostprocessing = 0;
		};
/* End PBXFrameworksBuildPhase section */

/* Begin PBXGroup section */
		8672C19B2CEB9FB700C985B4 = {
			isa = PBXGroup;
			children = (
				8672C1A62CEB9FB700C985B4 /* aether-link */,
				8672C1B72CEB9FB900C985B4 /* aether-linkTests */,
				8672C1C12CEB9FB900C985B4 /* aether-linkUITests */,
				8672C1A52CEB9FB700C985B4 /* Products */,
			);
			sourceTree = "<group>";
		};
		8672C1A52CEB9FB700C985B4 /* Products */ = {
			isa = PBXGroup;
			children = (
				8672C1A42CEB9FB700C985B4 /* aether-link.app */,
				8672C1B42CEB9FB900C985B4 /* aether-linkTests.xctest */,
				8672C1BE2CEB9FB900C985B4 /* aether-linkUITests.xctest */,
			);
			name = Products;
			sourceTree = "<group>";
		};
/* End PBXGroup section */

/* Begin PBXNativeTarget section */
		8672C1A32CEB9FB700C985B4 /* aether-link */ = {
			isa = PBXNativeTarget;
			buildConfigurationList = 8672C1C82CEB9FB900C985B4 /* Build configuration list for PBXNativeTarget "aether-link" */;
			buildPhases = (
				8672C1A02CEB9FB700C985B4 /* Sources */,
				8672C1A12CEB9FB700C985B4 /* Frameworks */,
				8672C1A22CEB9FB700C985B4 /* Resources */,
			);
			buildRules = (
			);
			dependencies = (
			);
			fileSystemSynchronizedGroups = (
				8672C1A62CEB9FB700C985B4 /* aether-link */,
			);
			name = "aether-link";
			packageProductDependencies = (
				86B76B852CEED0BA0028CC5A /* SocketIO */,
			);
			productName = "aether-link";
			productReference = 8672C1A42CEB9FB700C985B4 /* aether-link.app */;
			productType = "com.apple.product-type.application";
		};
		8672C1B32CEB9FB900C985B4 /* aether-linkTests */ = {
			isa = PBXNativeTarget;
			buildConfigurationList = 8672C1CB2CEB9FB900C985B4 /* Build configuration list for PBXNativeTarget "aether-linkTests" */;
			buildPhases = (
				8672C1B02CEB9FB900C985B4 /* Sources */,
				8672C1B12CEB9FB900C985B4 /* Frameworks */,
				8672C1B22CEB9FB900C985B4 /* Resources */,
			);
			buildRules = (
			);
			dependencies = (
				8672C1B62CEB9FB900C985B4 /* PBXTargetDependency */,
			);
			fileSystemSynchronizedGroups = (
				8672C1B72CEB9FB900C985B4 /* aether-linkTests */,
			);
			name = "aether-linkTests";
			packageProductDependencies = (
			);
			productName = "aether-linkTests";
			productReference = 8672C1B42CEB9FB900C985B4 /* aether-linkTests.xctest */;
			productType = "com.apple.product-type.bundle.unit-test";
		};
		8672C1BD2CEB9FB900C985B4 /* aether-linkUITests */ = {
			isa = PBXNativeTarget;
			buildConfigurationList = 8672C1CE2CEB9FB900C985B4 /* Build configuration list for PBXNativeTarget "aether-linkUITests" */;
			buildPhases = (
				8672C1BA2CEB9FB900C985B4 /* Sources */,
				8672C1BB2CEB9FB900C985B4 /* Frameworks */,
				8672C1BC2CEB9FB900C985B4 /* Resources */,
			);
			buildRules = (
			);
			dependencies = (
				8672C1C02CEB9FB900C985B4 /* PBXTargetDependency */,
			);
			fileSystemSynchronizedGroups = (
				8672C1C12CEB9FB900C985B4 /* aether-linkUITests */,
			);
			name = "aether-linkUITests";
			packageProductDependencies = (
			);
			productName = "aether-linkUITests";
			productReference = 8672C1BE2CEB9FB900C985B4 /* aether-linkUITests.xctest */;
			productType = "com.apple.product-type.bundle.ui-testing";
		};
/* End PBXNativeTarget section */

/* Begin PBXProject section */
		8672C19C2CEB9FB700C985B4 /* Project object */ = {
			isa = PBXProject;
			attributes = {
				BuildIndependentTargetsInParallel = 1;
				LastSwiftUpdateCheck = 1610;
				LastUpgradeCheck = 1610;
				TargetAttributes = {
					8672C1A32CEB9FB700C985B4 = {
						CreatedOnToolsVersion = 16.1;
					};
					8672C1B32CEB9FB900C985B4 = {
						CreatedOnToolsVersion = 16.1;
						TestTargetID = 8672C1A32CEB9FB700C985B4;
					};
					8672C1BD2CEB9FB900C985B4 = {
						CreatedOnToolsVersion = 16.1;
						TestTargetID = 8672C1A32CEB9FB700C985B4;
					};
				};
			};
			buildConfigurationList = 8672C19F2CEB9FB700C985B4 /* Build configuration list for PBXProject "ÆtherL" */;
			developmentRegion = en;
			hasScannedForEncodings = 0;
			knownRegions = (
				en,
				Base,
			);
			mainGroup = 8672C19B2CEB9FB700C985B4;
			minimizedProjectReferenceProxies = 1;
			packageReferences = (
				86B76B842CEED0BA0028CC5A /* XCRemoteSwiftPackageReference "socket" */,
			);
			preferredProjectObjectVersion = 77;
			productRefGroup = 8672C1A52CEB9FB700C985B4 /* Products */;
			projectDirPath = "";
			projectRoot = "";
			targets = (
				8672C1A32CEB9FB700C985B4 /* aether-link */,
				8672C1B32CEB9FB900C985B4 /* aether-linkTests */,
				8672C1BD2CEB9FB900C985B4 /* aether-linkUITests */,
			);
		};
/* End PBXProject section */

/* Begin PBXResourcesBuildPhase section */
		8672C1A22CEB9FB700C985B4 /* Resources */ = {
			isa = PBXResourcesBuildPhase;
			buildActionMask = 2147483647;
			files = (
			);
			runOnlyForDeploymentPostprocessing = 0;
		};
		8672C1B22CEB9FB900C985B4 /* Resources */ = {
			isa = PBXResourcesBuildPhase;
			buildActionMask = 2147483647;
			files = (
			);
			runOnlyForDeploymentPostprocessing = 0;
		};
		8672C1BC2CEB9FB900C985B4 /* Resources */ = {
			isa = PBXResourcesBuildPhase;
			buildActionMask = 2147483647;
			files = (
			);
			runOnlyForDeploymentPostprocessing = 0;
		};
/* End PBXResourcesBuildPhase section */

/* Begin PBXSourcesBuildPhase section */
		8672C1A02CEB9FB700C985B4 /* Sources */ = {
			isa = PBXSourcesBuildPhase;
			buildActionMask = 2147483647;
			files = (
			);
			runOnlyForDeploymentPostprocessing = 0;
		};
		8672C1B02CEB9FB900C985B4 /* Sources */ = {
			isa = PBXSourcesBuildPhase;
			buildActionMask = 2147483647;
			files = (
			);
			runOnlyForDeploymentPostprocessing = 0;
		};
		8672C1BA2CEB9FB900C985B4 /* Sources */ = {
			isa = PBXSourcesBuildPhase;
			buildActionMask = 2147483647;
			files = (
			);
			runOnlyForDeploymentPostprocessing = 0;
		};
/* End PBXSourcesBuildPhase section */

/* Begin PBXTargetDependency section */
		8672C1B62CEB9FB900C985B4 /* PBXTargetDependency */ = {
			isa = PBXTargetDependency;
			target = 8672C1A32CEB9FB700C985B4 /* aether-link */;
			targetProxy = 8672C1B52CEB9FB900C985B4 /* PBXContainerItemProxy */;
		};
		8672C1C02CEB9FB900C985B4 /* PBXTargetDependency */ = {
			isa = PBXTargetDependency;
			target = 8672C1A32CEB9FB700C985B4 /* aether-link */;
			targetProxy = 8672C1BF2CEB9FB900C985B4 /* PBXContainerItemProxy */;
		};
/* End PBXTargetDependency section */

/* Begin XCBuildConfiguration section */
		8672C1C62CEB9FB900C985B4 /* Debug */ = {
			isa = XCBuildConfiguration;
			buildSettings = {
				ALWAYS_SEARCH_USER_PATHS = NO;
				ASSETCATALOG_COMPILER_GENERATE_SWIFT_ASSET_SYMBOL_EXTENSIONS = YES;
				CLANG_ANALYZER_NONNULL = YES;
				CLANG_ANALYZER_NUMBER_OBJECT_CONVERSION = YES_AGGRESSIVE;
				CLANG_CXX_LANGUAGE_STANDARD = "gnu++20";
				CLANG_ENABLE_MODULES = YES;
				CLANG_ENABLE_OBJC_ARC = YES;
				CLANG_ENABLE_OBJC_WEAK = YES;
				CLANG_WARN_BLOCK_CAPTURE_AUTORELEASING = YES;
				CLANG_WARN_BOOL_CONVERSION = YES;
				CLANG_WARN_COMMA = YES;
				CLANG_WARN_CONSTANT_CONVERSION = YES;
				CLANG_WARN_DEPRECATED_OBJC_IMPLEMENTATIONS = YES;
				CLANG_WARN_DIRECT_OBJC_ISA_USAGE = YES_ERROR;
				CLANG_WARN_DOCUMENTATION_COMMENTS = YES;
				CLANG_WARN_EMPTY_BODY = YES;
				CLANG_WARN_ENUM_CONVERSION = YES;
				CLANG_WARN_INFINITE_RECURSION = YES;
				CLANG_WARN_INT_CONVERSION = YES;
				CLANG_WARN_NON_LITERAL_NULL_CONVERSION = YES;
				CLANG_WARN_OBJC_IMPLICIT_RETAIN_SELF = YES;
				CLANG_WARN_OBJC_LITERAL_CONVERSION = YES;
				CLANG_WARN_OBJC_ROOT_CLASS = YES_ERROR;
				CLANG_WARN_QUOTED_INCLUDE_IN_FRAMEWORK_HEADER = YES;
				CLANG_WARN_RANGE_LOOP_ANALYSIS = YES;
				CLANG_WARN_STRICT_PROTOTYPES = YES;
				CLANG_WARN_SUSPICIOUS_MOVE = YES;
				CLANG_WARN_UNGUARDED_AVAILABILITY = YES_AGGRESSIVE;
				CLANG_WARN_UNREACHABLE_CODE = YES;
				CLANG_WARN__DUPLICATE_METHOD_MATCH = YES;
				COPY_PHASE_STRIP = NO;
				DEBUG_INFORMATION_FORMAT = dwarf;
				ENABLE_STRICT_OBJC_MSGSEND = YES;
				ENABLE_TESTABILITY = YES;
				ENABLE_USER_SCRIPT_SANDBOXING = YES;
				GCC_C_LANGUAGE_STANDARD = gnu17;
				GCC_DYNAMIC_NO_PIC = NO;
				GCC_NO_COMMON_BLOCKS = YES;
				GCC_OPTIMIZATION_LEVEL = 0;
				GCC_PREPROCESSOR_DEFINITIONS = (
					"DEBUG=1",
					"$(inherited)",
				);
				GCC_WARN_64_TO_32_BIT_CONVERSION = YES;
				GCC_WARN_ABOUT_RETURN_TYPE = YES_ERROR;
				GCC_WARN_UNDECLARED_SELECTOR = YES;
				GCC_WARN_UNINITIALIZED_AUTOS = YES_AGGRESSIVE;
				GCC_WARN_UNUSED_FUNCTION = YES;
				GCC_WARN_UNUSED_VARIABLE = YES;
				IPHONEOS_DEPLOYMENT_TARGET = 18.1;
				LOCALIZATION_PREFERS_STRING_CATALOGS = YES;
				MTL_ENABLE_DEBUG_INFO = INCLUDE_SOURCE;
				MTL_FAST_MATH = YES;
				ONLY_ACTIVE_ARCH = YES;
				SDKROOT = iphoneos;
				SWIFT_ACTIVE_COMPILATION_CONDITIONS = "DEBUG $(inherited)";
				SWIFT_OPTIMIZATION_LEVEL = "-Onone";
			};
			name = Debug;
		};
		8672C1C72CEB9FB900C985B4 /* Release */ = {
			isa = XCBuildConfiguration;
			buildSettings = {
				ALWAYS_SEARCH_USER_PATHS = NO;
				ASSETCATALOG_COMPILER_GENERATE_SWIFT_ASSET_SYMBOL_EXTENSIONS = YES;
				CLANG_ANALYZER_NONNULL = YES;
				CLANG_ANALYZER_NUMBER_OBJECT_CONVERSION = YES_AGGRESSIVE;
				CLANG_CXX_LANGUAGE_STANDARD = "gnu++20";
				CLANG_ENABLE_MODULES = YES;
				CLANG_ENABLE_OBJC_ARC = YES;
				CLANG_ENABLE_OBJC_WEAK = YES;
				CLANG_WARN_BLOCK_CAPTURE_AUTORELEASING = YES;
				CLANG_WARN_BOOL_CONVERSION = YES;
				CLANG_WARN_COMMA = YES;
				CLANG_WARN_CONSTANT_CONVERSION = YES;
				CLANG_WARN_DEPRECATED_OBJC_IMPLEMENTATIONS = YES;
				CLANG_WARN_DIRECT_OBJC_ISA_USAGE = YES_ERROR;
				CLANG_WARN_DOCUMENTATION_COMMENTS = YES;
				CLANG_WARN_EMPTY_BODY = YES;
				CLANG_WARN_ENUM_CONVERSION = YES;
				CLANG_WARN_INFINITE_RECURSION = YES;
				CLANG_WARN_INT_CONVERSION = YES;
				CLANG_WARN_NON_LITERAL_NULL_CONVERSION = YES;
				CLANG_WARN_OBJC_IMPLICIT_RETAIN_SELF = YES;
				CLANG_WARN_OBJC_LITERAL_CONVERSION = YES;
				CLANG_WARN_OBJC_ROOT_CLASS = YES_ERROR;
				CLANG_WARN_QUOTED_INCLUDE_IN_FRAMEWORK_HEADER = YES;
				CLANG_WARN_RANGE_LOOP_ANALYSIS = YES;
				CLANG_WARN_STRICT_PROTOTYPES = YES;
				CLANG_WARN_SUSPICIOUS_MOVE = YES;
				CLANG_WARN_UNGUARDED_AVAILABILITY = YES_AGGRESSIVE;
				CLANG_WARN_UNREACHABLE_CODE = YES;
				CLANG_WARN__DUPLICATE_METHOD_MATCH = YES;
				COPY_PHASE_STRIP = NO;
				DEBUG_INFORMATION_FORMAT = "dwarf-with-dsym";
				ENABLE_NS_ASSERTIONS = NO;
				ENABLE_STRICT_OBJC_MSGSEND = YES;
				ENABLE_USER_SCRIPT_SANDBOXING = YES;
				GCC_C_LANGUAGE_STANDARD = gnu17;
				GCC_NO_COMMON_BLOCKS = YES;
				GCC_WARN_64_TO_32_BIT_CONVERSION = YES;
				GCC_WARN_ABOUT_RETURN_TYPE = YES_ERROR;
				GCC_WARN_UNDECLARED_SELECTOR = YES;
				GCC_WARN_UNINITIALIZED_AUTOS = YES_AGGRESSIVE;
				GCC_WARN_UNUSED_FUNCTION = YES;
				GCC_WARN_UNUSED_VARIABLE = YES;
				IPHONEOS_DEPLOYMENT_TARGET = 18.1;
				LOCALIZATION_PREFERS_STRING_CATALOGS = YES;
				MTL_ENABLE_DEBUG_INFO = NO;
				MTL_FAST_MATH = YES;
				SDKROOT = iphoneos;
				SWIFT_COMPILATION_MODE = wholemodule;
				VALIDATE_PRODUCT = YES;
			};
			name = Release;
		};
		8672C1C92CEB9FB900C985B4 /* Debug */ = {
			isa = XCBuildConfiguration;
			buildSettings = {
				ASSETCATALOG_COMPILER_APPICON_NAME = AppIcon;
				ASSETCATALOG_COMPILER_GLOBAL_ACCENT_COLOR_NAME = AccentColor;
				CODE_SIGN_ENTITLEMENTS = "aether-link/aether-link.entitlements";
				CODE_SIGN_STYLE = Automatic;
				CURRENT_PROJECT_VERSION = 1;
				DEVELOPMENT_ASSET_PATHS = "\"aether-link/Preview Content\"";
				DEVELOPMENT_TEAM = HUHRK3976X;
				ENABLE_PREVIEWS = YES;
				GENERATE_INFOPLIST_FILE = YES;
				INFOPLIST_KEY_CFBundleDisplayName = "ÆtherL";
				INFOPLIST_KEY_NSBluetoothAlwaysUsageDescription = "This app uses Bluetooth to connect to external devices.";
				INFOPLIST_KEY_NSBluetoothPeripheralUsageDescription = "Bluetooth is required to communicate with peripheral devices.";
				INFOPLIST_KEY_NSSupportsLiveActivities = YES;
				INFOPLIST_KEY_NSSupportsLiveActivitiesFrequentUpdates = YES;
				INFOPLIST_KEY_UIApplicationSceneManifest_Generation = YES;
				INFOPLIST_KEY_UIApplicationSupportsIndirectInputEvents = YES;
				INFOPLIST_KEY_UILaunchScreen_Generation = YES;
				INFOPLIST_KEY_UISupportedInterfaceOrientations = UIInterfaceOrientationPortrait;
				INFOPLIST_KEY_UISupportedInterfaceOrientations_iPad = "UIInterfaceOrientationLandscapeLeft UIInterfaceOrientationLandscapeRight UIInterfaceOrientationPortrait UIInterfaceOrientationPortraitUpsideDown";
				LD_RUNPATH_SEARCH_PATHS = (
					"$(inherited)",
					"@executable_path/Frameworks",
				);
				MARKETING_VERSION = 1.0;
				PRODUCT_BUNDLE_IDENTIFIER = "com.aetherml.-AEtherL";
				PRODUCT_NAME = "$(TARGET_NAME)";
				SWIFT_EMIT_LOC_STRINGS = YES;
				SWIFT_VERSION = 5.0;
				TARGETED_DEVICE_FAMILY = "1,2";
			};
			name = Debug;
		};
		8672C1CA2CEB9FB900C985B4 /* Release */ = {
			isa = XCBuildConfiguration;
			buildSettings = {
				ASSETCATALOG_COMPILER_APPICON_NAME = AppIcon;
				ASSETCATALOG_COMPILER_GLOBAL_ACCENT_COLOR_NAME = AccentColor;
				CODE_SIGN_ENTITLEMENTS = "aether-link/aether-link.entitlements";
				CODE_SIGN_STYLE = Automatic;
				CURRENT_PROJECT_VERSION = 1;
				DEVELOPMENT_ASSET_PATHS = "\"aether-link/Preview Content\"";
				DEVELOPMENT_TEAM = HUHRK3976X;
				ENABLE_PREVIEWS = YES;
				GENERATE_INFOPLIST_FILE = YES;
				INFOPLIST_KEY_CFBundleDisplayName = "ÆtherL";
				INFOPLIST_KEY_NSBluetoothAlwaysUsageDescription = "This app uses Bluetooth to connect to external devices.";
				INFOPLIST_KEY_NSBluetoothPeripheralUsageDescription = "Bluetooth is required to communicate with peripheral devices.";
				INFOPLIST_KEY_NSSupportsLiveActivities = YES;
				INFOPLIST_KEY_NSSupportsLiveActivitiesFrequentUpdates = YES;
				INFOPLIST_KEY_UIApplicationSceneManifest_Generation = YES;
				INFOPLIST_KEY_UIApplicationSupportsIndirectInputEvents = YES;
				INFOPLIST_KEY_UILaunchScreen_Generation = YES;
				INFOPLIST_KEY_UISupportedInterfaceOrientations = UIInterfaceOrientationPortrait;
				INFOPLIST_KEY_UISupportedInterfaceOrientations_iPad = "UIInterfaceOrientationLandscapeLeft UIInterfaceOrientationLandscapeRight UIInterfaceOrientationPortrait UIInterfaceOrientationPortraitUpsideDown";
				LD_RUNPATH_SEARCH_PATHS = (
					"$(inherited)",
					"@executable_path/Frameworks",
				);
				MARKETING_VERSION = 1.0;
				PRODUCT_BUNDLE_IDENTIFIER = "com.aetherml.-AEtherL";
				PRODUCT_NAME = "$(TARGET_NAME)";
				SWIFT_EMIT_LOC_STRINGS = YES;
				SWIFT_VERSION = 5.0;
				TARGETED_DEVICE_FAMILY = "1,2";
			};
			name = Release;
		};
		8672C1CC2CEB9FB900C985B4 /* Debug */ = {
			isa = XCBuildConfiguration;
			buildSettings = {
				BUNDLE_LOADER = "$(TEST_HOST)";
				CODE_SIGN_STYLE = Automatic;
				CURRENT_PROJECT_VERSION = 1;
				GENERATE_INFOPLIST_FILE = YES;
				IPHONEOS_DEPLOYMENT_TARGET = 18.1;
				MARKETING_VERSION = 1.0;
				PRODUCT_BUNDLE_IDENTIFIER = "com.aetherml.aether-linkTests";
				PRODUCT_NAME = "$(TARGET_NAME)";
				SWIFT_EMIT_LOC_STRINGS = NO;
				SWIFT_VERSION = 5.0;
				TARGETED_DEVICE_FAMILY = "1,2";
				TEST_HOST = "$(BUILT_PRODUCTS_DIR)/aether-link.app/$(BUNDLE_EXECUTABLE_FOLDER_PATH)/aether-link";
			};
			name = Debug;
		};
		8672C1CD2CEB9FB900C985B4 /* Release */ = {
			isa = XCBuildConfiguration;
			buildSettings = {
				BUNDLE_LOADER = "$(TEST_HOST)";
				CODE_SIGN_STYLE = Automatic;
				CURRENT_PROJECT_VERSION = 1;
				GENERATE_INFOPLIST_FILE = YES;
				IPHONEOS_DEPLOYMENT_TARGET = 18.1;
				MARKETING_VERSION = 1.0;
				PRODUCT_BUNDLE_IDENTIFIER = "com.aetherml.aether-linkTests";
				PRODUCT_NAME = "$(TARGET_NAME)";
				SWIFT_EMIT_LOC_STRINGS = NO;
				SWIFT_VERSION = 5.0;
				TARGETED_DEVICE_FAMILY = "1,2";
				TEST_HOST = "$(BUILT_PRODUCTS_DIR)/aether-link.app/$(BUNDLE_EXECUTABLE_FOLDER_PATH)/aether-link";
			};
			name = Release;
		};
		8672C1CF2CEB9FB900C985B4 /* Debug */ = {
			isa = XCBuildConfiguration;
			buildSettings = {
				CODE_SIGN_STYLE = Automatic;
				CURRENT_PROJECT_VERSION = 1;
				GENERATE_INFOPLIST_FILE = YES;
				MARKETING_VERSION = 1.0;
				PRODUCT_BUNDLE_IDENTIFIER = "com.aetherml.aether-linkUITests";
				PRODUCT_NAME = "$(TARGET_NAME)";
				SWIFT_EMIT_LOC_STRINGS = NO;
				SWIFT_VERSION = 5.0;
				TARGETED_DEVICE_FAMILY = "1,2";
				TEST_TARGET_NAME = "aether-link";
			};
			name = Debug;
		};
		8672C1D02CEB9FB900C985B4 /* Release */ = {
			isa = XCBuildConfiguration;
			buildSettings = {
				CODE_SIGN_STYLE = Automatic;
				CURRENT_PROJECT_VERSION = 1;
				GENERATE_INFOPLIST_FILE = YES;
				MARKETING_VERSION = 1.0;
				PRODUCT_BUNDLE_IDENTIFIER = "com.aetherml.aether-linkUITests";
				PRODUCT_NAME = "$(TARGET_NAME)";
				SWIFT_EMIT_LOC_STRINGS = NO;
				SWIFT_VERSION = 5.0;
				TARGETED_DEVICE_FAMILY = "1,2";
				TEST_TARGET_NAME = "aether-link";
			};
			name = Release;
		};
/* End XCBuildConfiguration section */

/* Begin XCConfigurationList section */
		8672C19F2CEB9FB700C985B4 /* Build configuration list for PBXProject "ÆtherL" */ = {
			isa = XCConfigurationList;
			buildConfigurations = (
				8672C1C62CEB9FB900C985B4 /* Debug */,
				8672C1C72CEB9FB900C985B4 /* Release */,
			);
			defaultConfigurationIsVisible = 0;
			defaultConfigurationName = Release;
		};
		8672C1C82CEB9FB900C985B4 /* Build configuration list for PBXNativeTarget "aether-link" */ = {
			isa = XCConfigurationList;
			buildConfigurations = (
				8672C1C92CEB9FB900C985B4 /* Debug */,
				8672C1CA2CEB9FB900C985B4 /* Release */,
			);
			defaultConfigurationIsVisible = 0;
			defaultConfigurationName = Release;
		};
		8672C1CB2CEB9FB900C985B4 /* Build configuration list for PBXNativeTarget "aether-linkTests" */ = {
			isa = XCConfigurationList;
			buildConfigurations = (
				8672C1CC2CEB9FB900C985B4 /* Debug */,
				8672C1CD2CEB9FB900C985B4 /* Release */,
			);
			defaultConfigurationIsVisible = 0;
			defaultConfigurationName = Release;
		};
		8672C1CE2CEB9FB900C985B4 /* Build configuration list for PBXNativeTarget "aether-linkUITests" */ = {
			isa = XCConfigurationList;
			buildConfigurations = (
				8672C1CF2CEB9FB900C985B4 /* Debug */,
				8672C1D02CEB9FB900C985B4 /* Release */,
			);
			defaultConfigurationIsVisible = 0;
			defaultConfigurationName = Release;
		};
/* End XCConfigurationList section */

/* Begin XCRemoteSwiftPackageReference section */
		86B76B842CEED0BA0028CC5A /* XCRemoteSwiftPackageReference "socket" */ = {
			isa = XCRemoteSwiftPackageReference;
			repositoryURL = "https://github.com/socketio/socket.io-client-swift";
			requirement = {
				branch = master;
				kind = branch;
			};
		};
/* End XCRemoteSwiftPackageReference section */

/* Begin XCSwiftPackageProductDependency section */
		86B76B852CEED0BA0028CC5A /* SocketIO */ = {
			isa = XCSwiftPackageProductDependency;
			package = 86B76B842CEED0BA0028CC5A /* XCRemoteSwiftPackageReference "socket" */;
			productName = SocketIO;
		};
/* End XCSwiftPackageProductDependency section */
	};
	rootObject = 8672C19C2CEB9FB700C985B4 /* Project object */;
}
